// !$*UTF8*$!
{
	archiveVersion = 1;
	classes = {
	};
	objectVersion = 56;
	objects = {

/* Begin PBXBuildFile section */
		3DA7EC7A2E228D8300B3E1F0 /* TLButton.swift in Sources */ = {isa = PBXBuildFile; fileRef = 3DA7EC792E228D8300B3E1F0 /* TLButton.swift */; };
		3DB5232B2E2313D900BF292E /* Extensions.swift in Sources */ = {isa = PBXBuildFile; fileRef = 3DB5232A2E2313D900BF292E /* Extensions.swift */; };
		3DC1BB172E21CC8E00781B0C /* FirebaseAppCheck in Frameworks */ = {isa = PBXBuildFile; productRef = 3DC1BB162E21CC8E00781B0C /* FirebaseAppCheck */; };
		3DC1BB192E21CC8E00781B0C /* FirebaseAppDistribution-Beta in Frameworks */ = {isa = PBXBuildFile; productRef = 3DC1BB182E21CC8E00781B0C /* FirebaseAppDistribution-Beta */; };
		3DC1BB1B2E21CC8E00781B0C /* FirebaseAuth in Frameworks */ = {isa = PBXBuildFile; productRef = 3DC1BB1A2E21CC8E00781B0C /* FirebaseAuth */; };
		3DC1BB1D2E21CC8E00781B0C /* FirebaseAuthCombine-Community in Frameworks */ = {isa = PBXBuildFile; productRef = 3DC1BB1C2E21CC8E00781B0C /* FirebaseAuthCombine-Community */; };
		3DC1BB1F2E21CC8E00781B0C /* FirebaseDatabase in Frameworks */ = {isa = PBXBuildFile; productRef = 3DC1BB1E2E21CC8E00781B0C /* FirebaseDatabase */; };
		3DC1BB212E21CC8E00781B0C /* FirebaseDatabaseSwift in Frameworks */ = {isa = PBXBuildFile; productRef = 3DC1BB202E21CC8E00781B0C /* FirebaseDatabaseSwift */; };
		3DC1BB232E21CC8E00781B0C /* FirebaseFirestore in Frameworks */ = {isa = PBXBuildFile; productRef = 3DC1BB222E21CC8E00781B0C /* FirebaseFirestore */; };
		3DC1BB252E21CC8E00781B0C /* FirebaseFirestoreCombine-Community in Frameworks */ = {isa = PBXBuildFile; productRef = 3DC1BB242E21CC8E00781B0C /* FirebaseFirestoreCombine-Community */; };
		3DC1BB272E21CC8E00781B0C /* FirebaseFirestoreSwift in Frameworks */ = {isa = PBXBuildFile; productRef = 3DC1BB262E21CC8E00781B0C /* FirebaseFirestoreSwift */; };
		3DC1BB292E21CC8E00781B0C /* FirebaseFunctions in Frameworks */ = {isa = PBXBuildFile; productRef = 3DC1BB282E21CC8E00781B0C /* FirebaseFunctions */; };
		3DC1BB2B2E21CC8E00781B0C /* FirebaseMessaging in Frameworks */ = {isa = PBXBuildFile; productRef = 3DC1BB2A2E21CC8E00781B0C /* FirebaseMessaging */; };
		3DC1BB2D2E21CC8E00781B0C /* FirebaseRemoteConfigSwift in Frameworks */ = {isa = PBXBuildFile; productRef = 3DC1BB2C2E21CC8E00781B0C /* FirebaseRemoteConfigSwift */; };
		3DC1BB2F2E21CC8E00781B0C /* FirebaseStorage in Frameworks */ = {isa = PBXBuildFile; productRef = 3DC1BB2E2E21CC8E00781B0C /* FirebaseStorage */; };
		3DC1BB312E21CC8E00781B0C /* FirebaseStorageCombine-Community in Frameworks */ = {isa = PBXBuildFile; productRef = 3DC1BB302E21CC8E00781B0C /* FirebaseStorageCombine-Community */; };
		3DC1BB492E21D8AE00781B0C /* Assets.xcassets in Resources */ = {isa = PBXBuildFile; fileRef = 3DC1BB432E21D8AE00781B0C /* Assets.xcassets */; };
		3DC1BB4A2E21D8AE00781B0C /* GoogleService-Info.plist in Resources */ = {isa = PBXBuildFile; fileRef = 3DC1BB442E21D8AE00781B0C /* GoogleService-Info.plist */; };
		3DC1BB4B2E21D8AE00781B0C /* Preview Assets.xcassets in Resources */ = {isa = PBXBuildFile; fileRef = 3DC1BB462E21D8AE00781B0C /* Preview Assets.xcassets */; };
		3DC1BB4C2E21D8AE00781B0C /* RyanTestApp.swift in Sources */ = {isa = PBXBuildFile; fileRef = 3DC1BB472E21D8AE00781B0C /* RyanTestApp.swift */; };
		3DC1BB4D2E21D8AE00781B0C /* MainView.swift in Sources */ = {isa = PBXBuildFile; fileRef = 3DC1BB482E21D8AE00781B0C /* MainView.swift */; };
		3DC1BB532E21E13800781B0C /* ProfileView.swift in Sources */ = {isa = PBXBuildFile; fileRef = 3DC1BB522E21E13800781B0C /* ProfileView.swift */; };
		3DC1BB552E21E1B400781B0C /* ToDoListView.swift in Sources */ = {isa = PBXBuildFile; fileRef = 3DC1BB542E21E1B400781B0C /* ToDoListView.swift */; };
		3DC1BB572E21E1ED00781B0C /* NewItemView.swift in Sources */ = {isa = PBXBuildFile; fileRef = 3DC1BB562E21E1ED00781B0C /* NewItemView.swift */; };
		3DC1BB592E21E22F00781B0C /* LoginView.swift in Sources */ = {isa = PBXBuildFile; fileRef = 3DC1BB582E21E22F00781B0C /* LoginView.swift */; };
		3DC1BB5B2E21E24E00781B0C /* RegisterView.swift in Sources */ = {isa = PBXBuildFile; fileRef = 3DC1BB5A2E21E24E00781B0C /* RegisterView.swift */; };
		3DC1BB5D2E21E2B700781B0C /* ToDoListItemView.swift in Sources */ = {isa = PBXBuildFile; fileRef = 3DC1BB5C2E21E2B700781B0C /* ToDoListItemView.swift */; };
		3DC1BB5F2E21E3AB00781B0C /* User.swift in Sources */ = {isa = PBXBuildFile; fileRef = 3DC1BB5E2E21E3AB00781B0C /* User.swift */; };
		3DC1BB612E21E3DB00781B0C /* ToDoListItem.swift in Sources */ = {isa = PBXBuildFile; fileRef = 3DC1BB602E21E3DB00781B0C /* ToDoListItem.swift */; };
		3DC1BB632E21E44A00781B0C /* MainViewModel.swift in Sources */ = {isa = PBXBuildFile; fileRef = 3DC1BB622E21E44A00781B0C /* MainViewModel.swift */; };
		3DC1BB652E21E46600781B0C /* ProfileViewModel.swift in Sources */ = {isa = PBXBuildFile; fileRef = 3DC1BB642E21E46600781B0C /* ProfileViewModel.swift */; };
		3DC1BB672E21E48500781B0C /* ToDoListViewModel.swift in Sources */ = {isa = PBXBuildFile; fileRef = 3DC1BB662E21E48500781B0C /* ToDoListViewModel.swift */; };
		3DC1BB692E21E4AF00781B0C /* NewItemViewModel.swift in Sources */ = {isa = PBXBuildFile; fileRef = 3DC1BB682E21E4AF00781B0C /* NewItemViewModel.swift */; };
		3DC1BB6B2E21E4C900781B0C /* LoginViewModel.swift in Sources */ = {isa = PBXBuildFile; fileRef = 3DC1BB6A2E21E4C900781B0C /* LoginViewModel.swift */; };
		3DC1BB6D2E21E4E300781B0C /* RegisterViewModel.swift in Sources */ = {isa = PBXBuildFile; fileRef = 3DC1BB6C2E21E4E300781B0C /* RegisterViewModel.swift */; };
		3DC1BB6F2E21E50F00781B0C /* ToDoListItemViewModel.swift in Sources */ = {isa = PBXBuildFile; fileRef = 3DC1BB6E2E21E50F00781B0C /* ToDoListItemViewModel.swift */; };
		3DC1BB712E21F19C00781B0C /* HeaderView.swift in Sources */ = {isa = PBXBuildFile; fileRef = 3DC1BB702E21F19C00781B0C /* HeaderView.swift */; };
		3DC5A6E72E2533AB00AA14AF /* Launch Screen.storyboard in Resources */ = {isa = PBXBuildFile; fileRef = 3DC5A6E62E2533AB00AA14AF /* Launch Screen.storyboard */; };
/* End PBXBuildFile section */

/* Begin PBXFileReference section */
		3D86BA222E20517100F4B46D /* RyanTest.app */ = {isa = PBXFileReference; explicitFileType = wrapper.application; includeInIndex = 0; path = RyanTest.app; sourceTree = BUILT_PRODUCTS_DIR; };
		3DA7EC792E228D8300B3E1F0 /* TLButton.swift */ = {isa = PBXFileReference; lastKnownFileType = sourcecode.swift; path = TLButton.swift; sourceTree = "<group>"; };
		3DB5232A2E2313D900BF292E /* Extensions.swift */ = {isa = PBXFileReference; lastKnownFileType = sourcecode.swift; path = Extensions.swift; sourceTree = "<group>"; };
		3DC1BB432E21D8AE00781B0C /* Assets.xcassets */ = {isa = PBXFileReference; lastKnownFileType = folder.assetcatalog; path = Assets.xcassets; sourceTree = "<group>"; };
		3DC1BB442E21D8AE00781B0C /* GoogleService-Info.plist */ = {isa = PBXFileReference; fileEncoding = 4; lastKnownFileType = text.plist.xml; path = "GoogleService-Info.plist"; sourceTree = "<group>"; };
		3DC1BB462E21D8AE00781B0C /* Preview Assets.xcassets */ = {isa = PBXFileReference; lastKnownFileType = folder.assetcatalog; path = "Preview Assets.xcassets"; sourceTree = "<group>"; };
		3DC1BB472E21D8AE00781B0C /* RyanTestApp.swift */ = {isa = PBXFileReference; fileEncoding = 4; lastKnownFileType = sourcecode.swift; path = RyanTestApp.swift; sourceTree = "<group>"; };
		3DC1BB482E21D8AE00781B0C /* MainView.swift */ = {isa = PBXFileReference; fileEncoding = 4; lastKnownFileType = sourcecode.swift; path = MainView.swift; sourceTree = "<group>"; };
		3DC1BB522E21E13800781B0C /* ProfileView.swift */ = {isa = PBXFileReference; lastKnownFileType = sourcecode.swift; path = ProfileView.swift; sourceTree = "<group>"; };
		3DC1BB542E21E1B400781B0C /* ToDoListView.swift */ = {isa = PBXFileReference; lastKnownFileType = sourcecode.swift; path = ToDoListView.swift; sourceTree = "<group>"; };
		3DC1BB562E21E1ED00781B0C /* NewItemView.swift */ = {isa = PBXFileReference; lastKnownFileType = sourcecode.swift; path = NewItemView.swift; sourceTree = "<group>"; };
		3DC1BB582E21E22F00781B0C /* LoginView.swift */ = {isa = PBXFileReference; lastKnownFileType = sourcecode.swift; path = LoginView.swift; sourceTree = "<group>"; };
		3DC1BB5A2E21E24E00781B0C /* RegisterView.swift */ = {isa = PBXFileReference; lastKnownFileType = sourcecode.swift; path = RegisterView.swift; sourceTree = "<group>"; };
		3DC1BB5C2E21E2B700781B0C /* ToDoListItemView.swift */ = {isa = PBXFileReference; lastKnownFileType = sourcecode.swift; path = ToDoListItemView.swift; sourceTree = "<group>"; };
		3DC1BB5E2E21E3AB00781B0C /* User.swift */ = {isa = PBXFileReference; lastKnownFileType = sourcecode.swift; path = User.swift; sourceTree = "<group>"; };
		3DC1BB602E21E3DB00781B0C /* ToDoListItem.swift */ = {isa = PBXFileReference; lastKnownFileType = sourcecode.swift; path = ToDoListItem.swift; sourceTree = "<group>"; };
		3DC1BB622E21E44A00781B0C /* MainViewModel.swift */ = {isa = PBXFileReference; lastKnownFileType = sourcecode.swift; path = MainViewModel.swift; sourceTree = "<group>"; };
		3DC1BB642E21E46600781B0C /* ProfileViewModel.swift */ = {isa = PBXFileReference; lastKnownFileType = sourcecode.swift; path = ProfileViewModel.swift; sourceTree = "<group>"; };
		3DC1BB662E21E48500781B0C /* ToDoListViewModel.swift */ = {isa = PBXFileReference; lastKnownFileType = sourcecode.swift; path = ToDoListViewModel.swift; sourceTree = "<group>"; };
		3DC1BB682E21E4AF00781B0C /* NewItemViewModel.swift */ = {isa = PBXFileReference; lastKnownFileType = sourcecode.swift; path = NewItemViewModel.swift; sourceTree = "<group>"; };
		3DC1BB6A2E21E4C900781B0C /* LoginViewModel.swift */ = {isa = PBXFileReference; lastKnownFileType = sourcecode.swift; path = LoginViewModel.swift; sourceTree = "<group>"; };
		3DC1BB6C2E21E4E300781B0C /* RegisterViewModel.swift */ = {isa = PBXFileReference; lastKnownFileType = sourcecode.swift; path = RegisterViewModel.swift; sourceTree = "<group>"; };
		3DC1BB6E2E21E50F00781B0C /* ToDoListItemViewModel.swift */ = {isa = PBXFileReference; lastKnownFileType = sourcecode.swift; path = ToDoListItemViewModel.swift; sourceTree = "<group>"; };
		3DC1BB702E21F19C00781B0C /* HeaderView.swift */ = {isa = PBXFileReference; lastKnownFileType = sourcecode.swift; path = HeaderView.swift; sourceTree = "<group>"; };
		3DC5A6E62E2533AB00AA14AF /* Launch Screen.storyboard */ = {isa = PBXFileReference; lastKnownFileType = file.storyboard; path = "Launch Screen.storyboard"; sourceTree = "<group>"; };
/* End PBXFileReference section */

/* Begin PBXFrameworksBuildPhase section */
		3D86BA1F2E20517100F4B46D /* Frameworks */ = {
			isa = PBXFrameworksBuildPhase;
			buildActionMask = 2147483647;
			files = (
				3DC1BB212E21CC8E00781B0C /* FirebaseDatabaseSwift in Frameworks */,
				3DC1BB252E21CC8E00781B0C /* FirebaseFirestoreCombine-Community in Frameworks */,
				3DC1BB1F2E21CC8E00781B0C /* FirebaseDatabase in Frameworks */,
				3DC1BB172E21CC8E00781B0C /* FirebaseAppCheck in Frameworks */,
				3DC1BB1B2E21CC8E00781B0C /* FirebaseAuth in Frameworks */,
				3DC1BB192E21CC8E00781B0C /* FirebaseAppDistribution-Beta in Frameworks */,
				3DC1BB1D2E21CC8E00781B0C /* FirebaseAuthCombine-Community in Frameworks */,
				3DC1BB292E21CC8E00781B0C /* FirebaseFunctions in Frameworks */,
				3DC1BB312E21CC8E00781B0C /* FirebaseStorageCombine-Community in Frameworks */,
				3DC1BB2F2E21CC8E00781B0C /* FirebaseStorage in Frameworks */,
				3DC1BB232E21CC8E00781B0C /* FirebaseFirestore in Frameworks */,
				3DC1BB2D2E21CC8E00781B0C /* FirebaseRemoteConfigSwift in Frameworks */,
				3DC1BB2B2E21CC8E00781B0C /* FirebaseMessaging in Frameworks */,
				3DC1BB272E21CC8E00781B0C /* FirebaseFirestoreSwift in Frameworks */,
			);
			runOnlyForDeploymentPostprocessing = 0;
		};
/* End PBXFrameworksBuildPhase section */

/* Begin PBXGroup section */
		3D86BA192E20517100F4B46D = {
			isa = PBXGroup;
			children = (
				3DC1BB422E21D8AE00781B0C /* RyanTest */,
				3D86BA232E20517100F4B46D /* Products */,
			);
			sourceTree = "<group>";
		};
		3D86BA232E20517100F4B46D /* Products */ = {
			isa = PBXGroup;
			children = (
				3D86BA222E20517100F4B46D /* RyanTest.app */,
			);
			name = Products;
			sourceTree = "<group>";
		};
		3DC1BB422E21D8AE00781B0C /* RyanTest */ = {
			isa = PBXGroup;
			children = (
				3DC1BB512E21DE6C00781B0C /* Other */,
				3DC1BB502E21DE3800781B0C /* Models */,
				3DC1BB4F2E21DE2B00781B0C /* ViewModels */,
				3DC1BB4E2E21DDF400781B0C /* Views */,
				3DC1BB452E21D8AE00781B0C /* Preview Content */,
			);
			path = RyanTest;
			sourceTree = "<group>";
		};
		3DC1BB452E21D8AE00781B0C /* Preview Content */ = {
			isa = PBXGroup;
			children = (
				3DC1BB462E21D8AE00781B0C /* Preview Assets.xcassets */,
			);
			path = "Preview Content";
			sourceTree = "<group>";
		};
		3DC1BB4E2E21DDF400781B0C /* Views */ = {
			isa = PBXGroup;
			children = (
				3DC1BB482E21D8AE00781B0C /* MainView.swift */,
				3DC1BB522E21E13800781B0C /* ProfileView.swift */,
				3DC1BB542E21E1B400781B0C /* ToDoListView.swift */,
				3DC1BB562E21E1ED00781B0C /* NewItemView.swift */,
				3DC1BB582E21E22F00781B0C /* LoginView.swift */,
				3DC1BB5A2E21E24E00781B0C /* RegisterView.swift */,
				3DC1BB5C2E21E2B700781B0C /* ToDoListItemView.swift */,
				3DC1BB702E21F19C00781B0C /* HeaderView.swift */,
				3DA7EC792E228D8300B3E1F0 /* TLButton.swift */,
			);
			path = Views;
			sourceTree = "<group>";
		};
		3DC1BB4F2E21DE2B00781B0C /* ViewModels */ = {
			isa = PBXGroup;
			children = (
				3DC1BB622E21E44A00781B0C /* MainViewModel.swift */,
				3DC1BB642E21E46600781B0C /* ProfileViewModel.swift */,
				3DC1BB662E21E48500781B0C /* ToDoListViewModel.swift */,
				3DC1BB682E21E4AF00781B0C /* NewItemViewModel.swift */,
				3DC1BB6A2E21E4C900781B0C /* LoginViewModel.swift */,
				3DC1BB6C2E21E4E300781B0C /* RegisterViewModel.swift */,
				3DC1BB6E2E21E50F00781B0C /* ToDoListItemViewModel.swift */,
			);
			path = ViewModels;
			sourceTree = "<group>";
		};
		3DC1BB502E21DE3800781B0C /* Models */ = {
			isa = PBXGroup;
			children = (
				3DC1BB5E2E21E3AB00781B0C /* User.swift */,
				3DC1BB602E21E3DB00781B0C /* ToDoListItem.swift */,
			);
			path = Models;
			sourceTree = "<group>";
		};
		3DC1BB512E21DE6C00781B0C /* Other */ = {
			isa = PBXGroup;
			children = (
				3DC1BB472E21D8AE00781B0C /* RyanTestApp.swift */,
				3DC1BB432E21D8AE00781B0C /* Assets.xcassets */,
				3DC1BB442E21D8AE00781B0C /* GoogleService-Info.plist */,
				3DB5232A2E2313D900BF292E /* Extensions.swift */,
				3DC5A6E62E2533AB00AA14AF /* Launch Screen.storyboard */,
			);
			path = Other;
			sourceTree = "<group>";
		};
/* End PBXGroup section */

/* Begin PBXNativeTarget section */
		3D86BA212E20517100F4B46D /* RyanTest */ = {
			isa = PBXNativeTarget;
			buildConfigurationList = 3D86BA302E20517200F4B46D /* Build configuration list for PBXNativeTarget "RyanTest" */;
			buildPhases = (
				3D86BA1E2E20517100F4B46D /* Sources */,
				3D86BA1F2E20517100F4B46D /* Frameworks */,
				3D86BA202E20517100F4B46D /* Resources */,
			);
			buildRules = (
			);
			dependencies = (
			);
			name = RyanTest;
			packageProductDependencies = (
				3DC1BB162E21CC8E00781B0C /* FirebaseAppCheck */,
				3DC1BB182E21CC8E00781B0C /* FirebaseAppDistribution-Beta */,
				3DC1BB1A2E21CC8E00781B0C /* FirebaseAuth */,
				3DC1BB1C2E21CC8E00781B0C /* FirebaseAuthCombine-Community */,
				3DC1BB1E2E21CC8E00781B0C /* FirebaseDatabase */,
				3DC1BB202E21CC8E00781B0C /* FirebaseDatabaseSwift */,
				3DC1BB222E21CC8E00781B0C /* FirebaseFirestore */,
				3DC1BB242E21CC8E00781B0C /* FirebaseFirestoreCombine-Community */,
				3DC1BB262E21CC8E00781B0C /* FirebaseFirestoreSwift */,
				3DC1BB282E21CC8E00781B0C /* FirebaseFunctions */,
				3DC1BB2A2E21CC8E00781B0C /* FirebaseMessaging */,
				3DC1BB2C2E21CC8E00781B0C /* FirebaseRemoteConfigSwift */,
				3DC1BB2E2E21CC8E00781B0C /* FirebaseStorage */,
				3DC1BB302E21CC8E00781B0C /* FirebaseStorageCombine-Community */,
			);
			productName = RyanTest;
			productReference = 3D86BA222E20517100F4B46D /* RyanTest.app */;
			productType = "com.apple.product-type.application";
		};
/* End PBXNativeTarget section */

/* Begin PBXProject section */
		3D86BA1A2E20517100F4B46D /* Project object */ = {
			isa = PBXProject;
			attributes = {
				BuildIndependentTargetsInParallel = 1;
				LastSwiftUpdateCheck = 1420;
				LastUpgradeCheck = 1420;
				TargetAttributes = {
					3D86BA212E20517100F4B46D = {
						CreatedOnToolsVersion = 14.2;
					};
				};
			};
			buildConfigurationList = 3D86BA1D2E20517100F4B46D /* Build configuration list for PBXProject "RyanTest" */;
			compatibilityVersion = "Xcode 14.0";
			developmentRegion = en;
			hasScannedForEncodings = 0;
			knownRegions = (
				en,
				Base,
			);
			mainGroup = 3D86BA192E20517100F4B46D;
			packageReferences = (
				3DC1BB152E21CC8E00781B0C /* XCRemoteSwiftPackageReference "firebase-ios-sdk" */,
			);
			productRefGroup = 3D86BA232E20517100F4B46D /* Products */;
			projectDirPath = "";
			projectRoot = "";
			targets = (
				3D86BA212E20517100F4B46D /* RyanTest */,
			);
		};
/* End PBXProject section */

/* Begin PBXResourcesBuildPhase section */
		3D86BA202E20517100F4B46D /* Resources */ = {
			isa = PBXResourcesBuildPhase;
			buildActionMask = 2147483647;
			files = (
				3DC1BB4A2E21D8AE00781B0C /* GoogleService-Info.plist in Resources */,
				3DC1BB492E21D8AE00781B0C /* Assets.xcassets in Resources */,
				3DC5A6E72E2533AB00AA14AF /* Launch Screen.storyboard in Resources */,
				3DC1BB4B2E21D8AE00781B0C /* Preview Assets.xcassets in Resources */,
			);
			runOnlyForDeploymentPostprocessing = 0;
		};
/* End PBXResourcesBuildPhase section */

/* Begin PBXSourcesBuildPhase section */
		3D86BA1E2E20517100F4B46D /* Sources */ = {
			isa = PBXSourcesBuildPhase;
			buildActionMask = 2147483647;
			files = (
				3DC1BB592E21E22F00781B0C /* LoginView.swift in Sources */,
				3DC1BB712E21F19C00781B0C /* HeaderView.swift in Sources */,
				3DC1BB4C2E21D8AE00781B0C /* RyanTestApp.swift in Sources */,
				3DC1BB552E21E1B400781B0C /* ToDoListView.swift in Sources */,
				3DC1BB6D2E21E4E300781B0C /* RegisterViewModel.swift in Sources */,
				3DC1BB5B2E21E24E00781B0C /* RegisterView.swift in Sources */,
				3DC1BB532E21E13800781B0C /* ProfileView.swift in Sources */,
				3DA7EC7A2E228D8300B3E1F0 /* TLButton.swift in Sources */,
				3DC1BB5F2E21E3AB00781B0C /* User.swift in Sources */,
				3DC1BB652E21E46600781B0C /* ProfileViewModel.swift in Sources */,
				3DC1BB5D2E21E2B700781B0C /* ToDoListItemView.swift in Sources */,
				3DC1BB6F2E21E50F00781B0C /* ToDoListItemViewModel.swift in Sources */,
				3DC1BB6B2E21E4C900781B0C /* LoginViewModel.swift in Sources */,
				3DC1BB692E21E4AF00781B0C /* NewItemViewModel.swift in Sources */,
				3DC1BB4D2E21D8AE00781B0C /* MainView.swift in Sources */,
				3DB5232B2E2313D900BF292E /* Extensions.swift in Sources */,
				3DC1BB612E21E3DB00781B0C /* ToDoListItem.swift in Sources */,
				3DC1BB672E21E48500781B0C /* ToDoListViewModel.swift in Sources */,
				3DC1BB572E21E1ED00781B0C /* NewItemView.swift in Sources */,
				3DC1BB632E21E44A00781B0C /* MainViewModel.swift in Sources */,
			);
			runOnlyForDeploymentPostprocessing = 0;
		};
/* End PBXSourcesBuildPhase section */

/* Begin XCBuildConfiguration section */
		3D86BA2E2E20517200F4B46D /* Debug */ = {
			isa = XCBuildConfiguration;
			buildSettings = {
				ALWAYS_SEARCH_USER_PATHS = NO;
				CLANG_ANALYZER_NONNULL = YES;
				CLANG_ANALYZER_NUMBER_OBJECT_CONVERSION = YES_AGGRESSIVE;
				CLANG_CXX_LANGUAGE_STANDARD = "gnu++20";
				CLANG_ENABLE_MODULES = YES;
				CLANG_ENABLE_OBJC_ARC = YES;
				CLANG_ENABLE_OBJC_WEAK = YES;
				CLANG_WARN_BLOCK_CAPTURE_AUTORELEASING = YES;
				CLANG_WARN_BOOL_CONVERSION = YES;
				CLANG_WARN_COMMA = YES;
				CLANG_WARN_CONSTANT_CONVERSION = YES;
				CLANG_WARN_DEPRECATED_OBJC_IMPLEMENTATIONS = YES;
				CLANG_WARN_DIRECT_OBJC_ISA_USAGE = YES_ERROR;
				CLANG_WARN_DOCUMENTATION_COMMENTS = YES;
				CLANG_WARN_EMPTY_BODY = YES;
				CLANG_WARN_ENUM_CONVERSION = YES;
				CLANG_WARN_INFINITE_RECURSION = YES;
				CLANG_WARN_INT_CONVERSION = YES;
				CLANG_WARN_NON_LITERAL_NULL_CONVERSION = YES;
				CLANG_WARN_OBJC_IMPLICIT_RETAIN_SELF = YES;
				CLANG_WARN_OBJC_LITERAL_CONVERSION = YES;
				CLANG_WARN_OBJC_ROOT_CLASS = YES_ERROR;
				CLANG_WARN_QUOTED_INCLUDE_IN_FRAMEWORK_HEADER = YES;
				CLANG_WARN_RANGE_LOOP_ANALYSIS = YES;
				CLANG_WARN_STRICT_PROTOTYPES = YES;
				CLANG_WARN_SUSPICIOUS_MOVE = YES;
				CLANG_WARN_UNGUARDED_AVAILABILITY = YES_AGGRESSIVE;
				CLANG_WARN_UNREACHABLE_CODE = YES;
				CLANG_WARN__DUPLICATE_METHOD_MATCH = YES;
				COPY_PHASE_STRIP = NO;
				DEBUG_INFORMATION_FORMAT = dwarf;
				ENABLE_STRICT_OBJC_MSGSEND = YES;
				ENABLE_TESTABILITY = YES;
				GCC_C_LANGUAGE_STANDARD = gnu11;
				GCC_DYNAMIC_NO_PIC = NO;
				GCC_NO_COMMON_BLOCKS = YES;
				GCC_OPTIMIZATION_LEVEL = 0;
				GCC_PREPROCESSOR_DEFINITIONS = (
					"DEBUG=1",
					"$(inherited)",
				);
				GCC_WARN_64_TO_32_BIT_CONVERSION = YES;
				GCC_WARN_ABOUT_RETURN_TYPE = YES_ERROR;
				GCC_WARN_UNDECLARED_SELECTOR = YES;
				GCC_WARN_UNINITIALIZED_AUTOS = YES_AGGRESSIVE;
				GCC_WARN_UNUSED_FUNCTION = YES;
				GCC_WARN_UNUSED_VARIABLE = YES;
				IPHONEOS_DEPLOYMENT_TARGET = 16.2;
				MTL_ENABLE_DEBUG_INFO = INCLUDE_SOURCE;
				MTL_FAST_MATH = YES;
				ONLY_ACTIVE_ARCH = YES;
				SDKROOT = iphoneos;
				SWIFT_ACTIVE_COMPILATION_CONDITIONS = DEBUG;
				SWIFT_OPTIMIZATION_LEVEL = "-Onone";
			};
			name = Debug;
		};
		3D86BA2F2E20517200F4B46D /* Release */ = {
			isa = XCBuildConfiguration;
			buildSettings = {
				ALWAYS_SEARCH_USER_PATHS = NO;
				CLANG_ANALYZER_NONNULL = YES;
				CLANG_ANALYZER_NUMBER_OBJECT_CONVERSION = YES_AGGRESSIVE;
				CLANG_CXX_LANGUAGE_STANDARD = "gnu++20";
				CLANG_ENABLE_MODULES = YES;
				CLANG_ENABLE_OBJC_ARC = YES;
				CLANG_ENABLE_OBJC_WEAK = YES;
				CLANG_WARN_BLOCK_CAPTURE_AUTORELEASING = YES;
				CLANG_WARN_BOOL_CONVERSION = YES;
				CLANG_WARN_COMMA = YES;
				CLANG_WARN_CONSTANT_CONVERSION = YES;
				CLANG_WARN_DEPRECATED_OBJC_IMPLEMENTATIONS = YES;
				CLANG_WARN_DIRECT_OBJC_ISA_USAGE = YES_ERROR;
				CLANG_WARN_DOCUMENTATION_COMMENTS = YES;
				CLANG_WARN_EMPTY_BODY = YES;
				CLANG_WARN_ENUM_CONVERSION = YES;
				CLANG_WARN_INFINITE_RECURSION = YES;
				CLANG_WARN_INT_CONVERSION = YES;
				CLANG_WARN_NON_LITERAL_NULL_CONVERSION = YES;
				CLANG_WARN_OBJC_IMPLICIT_RETAIN_SELF = YES;
				CLANG_WARN_OBJC_LITERAL_CONVERSION = YES;
				CLANG_WARN_OBJC_ROOT_CLASS = YES_ERROR;
				CLANG_WARN_QUOTED_INCLUDE_IN_FRAMEWORK_HEADER = YES;
				CLANG_WARN_RANGE_LOOP_ANALYSIS = YES;
				CLANG_WARN_STRICT_PROTOTYPES = YES;
				CLANG_WARN_SUSPICIOUS_MOVE = YES;
				CLANG_WARN_UNGUARDED_AVAILABILITY = YES_AGGRESSIVE;
				CLANG_WARN_UNREACHABLE_CODE = YES;
				CLANG_WARN__DUPLICATE_METHOD_MATCH = YES;
				COPY_PHASE_STRIP = NO;
				DEBUG_INFORMATION_FORMAT = "dwarf-with-dsym";
				ENABLE_NS_ASSERTIONS = NO;
				ENABLE_STRICT_OBJC_MSGSEND = YES;
				GCC_C_LANGUAGE_STANDARD = gnu11;
				GCC_NO_COMMON_BLOCKS = YES;
				GCC_WARN_64_TO_32_BIT_CONVERSION = YES;
				GCC_WARN_ABOUT_RETURN_TYPE = YES_ERROR;
				GCC_WARN_UNDECLARED_SELECTOR = YES;
				GCC_WARN_UNINITIALIZED_AUTOS = YES_AGGRESSIVE;
				GCC_WARN_UNUSED_FUNCTION = YES;
				GCC_WARN_UNUSED_VARIABLE = YES;
				IPHONEOS_DEPLOYMENT_TARGET = 16.2;
				MTL_ENABLE_DEBUG_INFO = NO;
				MTL_FAST_MATH = YES;
				SDKROOT = iphoneos;
				SWIFT_COMPILATION_MODE = wholemodule;
				SWIFT_OPTIMIZATION_LEVEL = "-O";
				VALIDATE_PRODUCT = YES;
			};
			name = Release;
		};
		3D86BA312E20517200F4B46D /* Debug */ = {
			isa = XCBuildConfiguration;
			buildSettings = {
				ASSETCATALOG_COMPILER_APPICON_NAME = AppIcon;
				ASSETCATALOG_COMPILER_GLOBAL_ACCENT_COLOR_NAME = AccentColor;
				CODE_SIGN_STYLE = Automatic;
				CURRENT_PROJECT_VERSION = 1;
				DEVELOPMENT_ASSET_PATHS = "\"RyanTest/Preview Content\"";
				ENABLE_PREVIEWS = YES;
				GENERATE_INFOPLIST_FILE = YES;
				INFOPLIST_KEY_CFBundleDisplayName = "To Do List";
				INFOPLIST_KEY_UIApplicationSceneManifest_Generation = YES;
				INFOPLIST_KEY_UIApplicationSupportsIndirectInputEvents = YES;
				INFOPLIST_KEY_UILaunchScreen_Generation = YES;
				INFOPLIST_KEY_UILaunchStoryboardName = "Launch Screen.storyboard";
				INFOPLIST_KEY_UISupportedInterfaceOrientations = UIInterfaceOrientationPortrait;
				LD_RUNPATH_SEARCH_PATHS = (
					"$(inherited)",
					"@executable_path/Frameworks",
				);
				MARKETING_VERSION = 1.0;
				PRODUCT_BUNDLE_IDENTIFIER = com.mytest.RyanTest;
				PRODUCT_NAME = "$(TARGET_NAME)";
				SWIFT_EMIT_LOC_STRINGS = YES;
				SWIFT_VERSION = 5.0;
				TARGETED_DEVICE_FAMILY = "1,2";
			};
			name = Debug;
		};
		3D86BA322E20517200F4B46D /* Release */ = {
			isa = XCBuildConfiguration;
			buildSettings = {
				ASSETCATALOG_COMPILER_APPICON_NAME = AppIcon;
				ASSETCATALOG_COMPILER_GLOBAL_ACCENT_COLOR_NAME = AccentColor;
				CODE_SIGN_STYLE = Automatic;
				CURRENT_PROJECT_VERSION = 1;
				DEVELOPMENT_ASSET_PATHS = "\"RyanTest/Preview Content\"";
				ENABLE_PREVIEWS = YES;
				GENERATE_INFOPLIST_FILE = YES;
				INFOPLIST_KEY_CFBundleDisplayName = "To Do List";
				INFOPLIST_KEY_UIApplicationSceneManifest_Generation = YES;
				INFOPLIST_KEY_UIApplicationSupportsIndirectInputEvents = YES;
				INFOPLIST_KEY_UILaunchScreen_Generation = YES;
				INFOPLIST_KEY_UILaunchStoryboardName = "Launch Screen.storyboard";
				INFOPLIST_KEY_UISupportedInterfaceOrientations = UIInterfaceOrientationPortrait;
				LD_RUNPATH_SEARCH_PATHS = (
					"$(inherited)",
					"@executable_path/Frameworks",
				);
				MARKETING_VERSION = 1.0;
				PRODUCT_BUNDLE_IDENTIFIER = com.mytest.RyanTest;
				PRODUCT_NAME = "$(TARGET_NAME)";
				SWIFT_EMIT_LOC_STRINGS = YES;
				SWIFT_VERSION = 5.0;
				TARGETED_DEVICE_FAMILY = "1,2";
			};
			name = Release;
		};
/* End XCBuildConfiguration section */

/* Begin XCConfigurationList section */
		3D86BA1D2E20517100F4B46D /* Build configuration list for PBXProject "RyanTest" */ = {
			isa = XCConfigurationList;
			buildConfigurations = (
				3D86BA2E2E20517200F4B46D /* Debug */,
				3D86BA2F2E20517200F4B46D /* Release */,
			);
			defaultConfigurationIsVisible = 0;
			defaultConfigurationName = Release;
		};
		3D86BA302E20517200F4B46D /* Build configuration list for PBXNativeTarget "RyanTest" */ = {
			isa = XCConfigurationList;
			buildConfigurations = (
				3D86BA312E20517200F4B46D /* Debug */,
				3D86BA322E20517200F4B46D /* Release */,
			);
			defaultConfigurationIsVisible = 0;
			defaultConfigurationName = Release;
		};
/* End XCConfigurationList section */

/* Begin XCRemoteSwiftPackageReference section */
		3DC1BB152E21CC8E00781B0C /* XCRemoteSwiftPackageReference "firebase-ios-sdk" */ = {
			isa = XCRemoteSwiftPackageReference;
			repositoryURL = "https://github.com/firebase/firebase-ios-sdk";
			requirement = {
				kind = exactVersion;
				version = 10.8.0;
			};
		};
/* End XCRemoteSwiftPackageReference section */

/* Begin XCSwiftPackageProductDependency section */
		3DC1BB162E21CC8E00781B0C /* FirebaseAppCheck */ = {
			isa = XCSwiftPackageProductDependency;
			package = 3DC1BB152E21CC8E00781B0C /* XCRemoteSwiftPackageReference "firebase-ios-sdk" */;
			productName = FirebaseAppCheck;
		};
		3DC1BB182E21CC8E00781B0C /* FirebaseAppDistribution-Beta */ = {
			isa = XCSwiftPackageProductDependency;
			package = 3DC1BB152E21CC8E00781B0C /* XCRemoteSwiftPackageReference "firebase-ios-sdk" */;
			productName = "FirebaseAppDistribution-Beta";
		};
		3DC1BB1A2E21CC8E00781B0C /* FirebaseAuth */ = {
			isa = XCSwiftPackageProductDependency;
			package = 3DC1BB152E21CC8E00781B0C /* XCRemoteSwiftPackageReference "firebase-ios-sdk" */;
			productName = FirebaseAuth;
		};
		3DC1BB1C2E21CC8E00781B0C /* FirebaseAuthCombine-Community */ = {
			isa = XCSwiftPackageProductDependency;
			package = 3DC1BB152E21CC8E00781B0C /* XCRemoteSwiftPackageReference "firebase-ios-sdk" */;
			productName = "FirebaseAuthCombine-Community";
		};
		3DC1BB1E2E21CC8E00781B0C /* FirebaseDatabase */ = {
			isa = XCSwiftPackageProductDependency;
			package = 3DC1BB152E21CC8E00781B0C /* XCRemoteSwiftPackageReference "firebase-ios-sdk" */;
			productName = FirebaseDatabase;
		};
		3DC1BB202E21CC8E00781B0C /* FirebaseDatabaseSwift */ = {
			isa = XCSwiftPackageProductDependency;
			package = 3DC1BB152E21CC8E00781B0C /* XCRemoteSwiftPackageReference "firebase-ios-sdk" */;
			productName = FirebaseDatabaseSwift;
		};
		3DC1BB222E21CC8E00781B0C /* FirebaseFirestore */ = {
			isa = XCSwiftPackageProductDependency;
			package = 3DC1BB152E21CC8E00781B0C /* XCRemoteSwiftPackageReference "firebase-ios-sdk" */;
			productName = FirebaseFirestore;
		};
		3DC1BB242E21CC8E00781B0C /* FirebaseFirestoreCombine-Community */ = {
			isa = XCSwiftPackageProductDependency;
			package = 3DC1BB152E21CC8E00781B0C /* XCRemoteSwiftPackageReference "firebase-ios-sdk" */;
			productName = "FirebaseFirestoreCombine-Community";
		};
		3DC1BB262E21CC8E00781B0C /* FirebaseFirestoreSwift */ = {
			isa = XCSwiftPackageProductDependency;
			package = 3DC1BB152E21CC8E00781B0C /* XCRemoteSwiftPackageReference "firebase-ios-sdk" */;
			productName = FirebaseFirestoreSwift;
		};
		3DC1BB282E21CC8E00781B0C /* FirebaseFunctions */ = {
			isa = XCSwiftPackageProductDependency;
			package = 3DC1BB152E21CC8E00781B0C /* XCRemoteSwiftPackageReference "firebase-ios-sdk" */;
			productName = FirebaseFunctions;
		};
		3DC1BB2A2E21CC8E00781B0C /* FirebaseMessaging */ = {
			isa = XCSwiftPackageProductDependency;
			package = 3DC1BB152E21CC8E00781B0C /* XCRemoteSwiftPackageReference "firebase-ios-sdk" */;
			productName = FirebaseMessaging;
		};
		3DC1BB2C2E21CC8E00781B0C /* FirebaseRemoteConfigSwift */ = {
			isa = XCSwiftPackageProductDependency;
			package = 3DC1BB152E21CC8E00781B0C /* XCRemoteSwiftPackageReference "firebase-ios-sdk" */;
			productName = FirebaseRemoteConfigSwift;
		};
		3DC1BB2E2E21CC8E00781B0C /* FirebaseStorage */ = {
			isa = XCSwiftPackageProductDependency;
			package = 3DC1BB152E21CC8E00781B0C /* XCRemoteSwiftPackageReference "firebase-ios-sdk" */;
			productName = FirebaseStorage;
		};
		3DC1BB302E21CC8E00781B0C /* FirebaseStorageCombine-Community */ = {
			isa = XCSwiftPackageProductDependency;
			package = 3DC1BB152E21CC8E00781B0C /* XCRemoteSwiftPackageReference "firebase-ios-sdk" */;
			productName = "FirebaseStorageCombine-Community";
		};
/* End XCSwiftPackageProductDependency section */
	};
	rootObject = 3D86BA1A2E20517100F4B46D /* Project object */;
}
